{
  "name": "test-install-ajs-platforms",
  "version": "1.0.0",
  "lockfileVersion": 2,
  "requires": true,
  "packages": {
    "": {
      "name": "test-install-ajs-platforms",
      "version": "1.0.0",
      "license": "ISC",
      "dependencies": {
        "@alexpmv/ajs-platforms": "^1.0.0"
      }
    },
    "node_modules/@alexpmv/ajs-platforms": {
      "version": "1.0.0",
      "resolved": "https://npm.pkg.github.com/download/@alexpmv/ajs-platforms/1.0.0/74b7536d0345f87a541e270acfee94cb79b809a9",
      "integrity": "sha512-mSyTX5FGIayK6NRuKtNtz9qpaAkIuJuSCyyv+IoTuR/F060SRFBkZn68nmbcS7HO13w3hCpSGDsbp1mJ4CNS7Q==",
      "license": "ISC"
    }
  },
  "dependencies": {
    "@alexpmv/ajs-platforms": {
      "version": "1.0.0",
      "resolved": "https://npm.pkg.github.com/download/@alexpmv/ajs-platforms/1.0.0/74b7536d0345f87a541e270acfee94cb79b809a9",
      "integrity": "sha512-mSyTX5FGIayK6NRuKtNtz9qpaAkIuJuSCyyv+IoTuR/F060SRFBkZn68nmbcS7HO13w3hCpSGDsbp1mJ4CNS7Q=="
    }
  }
}
